
Microsoft Visual Studio Solution File, Format Version 12.00
# Visual Studio Version 16
VisualStudioVersion = 16.0.31515.178
MinimumVisualStudioVersion = 10.0.40219.1
Project("{FAE04EC0-301F-11D3-BF4B-00C04F79EFBC}") = "XamarinBLEApp", "XamarinBLEApp\XamarinBLEApp.csproj", "{C98F46DF-EA8A-4404-B835-69430BFCFDD7}"
EndProject
Project("{FAE04EC0-301F-11D3-BF4B-00C04F79EFBC}") = "XamarinBLEApp.Android", "XamarinBLEApp.Android\XamarinBLEApp.Android.csproj", "{03CBC025-B20D-4B9F-8E73-235CA9F10DB2}"
EndProject
Project("{FAE04EC0-301F-11D3-BF4B-00C04F79EFBC}") = "XamarinBLEApp.iOS", "XamarinBLEApp.iOS\XamarinBLEApp.iOS.csproj", "{B71062DE-62B6-410C-B099-126DB0C163A8}"
EndProject
Global
	GlobalSection(SolutionConfigurationPlatforms) = preSolution
		Ad-Hoc|Any CPU = Ad-Hoc|Any CPU
		Ad-Hoc|iPhone = Ad-Hoc|iPhone
		Ad-Hoc|iPhoneSimulator = Ad-Hoc|iPhoneSimulator
		AppStore|Any CPU = AppStore|Any CPU
		AppStore|iPhone = AppStore|iPhone
		AppStore|iPhoneSimulator = AppStore|iPhoneSimulator
		Debug|Any CPU = Debug|Any CPU
		Debug|iPhone = Debug|iPhone
		Debug|iPhoneSimulator = Debug|iPhoneSimulator
		Release|Any CPU = Release|Any CPU
		Release|iPhone = Release|iPhone
		Release|iPhoneSimulator = Release|iPhoneSimulator
	EndGlobalSection
	GlobalSection(ProjectConfigurationPlatforms) = postSolution
		{C98F46DF-EA8A-4404-B835-69430BFCFDD7}.Ad-Hoc|Any CPU.ActiveCfg = Debug|Any CPU
		{C98F46DF-EA8A-4404-B835-69430BFCFDD7}.Ad-Hoc|Any CPU.Build.0 = Debug|Any CPU
		{C98F46DF-EA8A-4404-B835-69430BFCFDD7}.Ad-Hoc|iPhone.ActiveCfg = Debug|Any CPU
		{C98F46DF-EA8A-4404-B835-69430BFCFDD7}.Ad-Hoc|iPhone.Build.0 = Debug|Any CPU
		{C98F46DF-EA8A-4404-B835-69430BFCFDD7}.Ad-Hoc|iPhoneSimulator.ActiveCfg = Debug|Any CPU
		{C98F46DF-EA8A-4404-B835-69430BFCFDD7}.Ad-Hoc|iPhoneSimulator.Build.0 = Debug|Any CPU
		{C98F46DF-EA8A-4404-B835-69430BFCFDD7}.AppStore|Any CPU.ActiveCfg = Debug|Any CPU
		{C98F46DF-EA8A-4404-B835-69430BFCFDD7}.AppStore|Any CPU.Build.0 = Debug|Any CPU
		{C98F46DF-EA8A-4404-B835-69430BFCFDD7}.AppStore|iPhone.ActiveCfg = Debug|Any CPU
		{C98F46DF-EA8A-4404-B835-69430BFCFDD7}.AppStore|iPhone.Build.0 = Debug|Any CPU
		{C98F46DF-EA8A-4404-B835-69430BFCFDD7}.AppStore|iPhoneSimulator.ActiveCfg = Debug|Any CPU
		{C98F46DF-EA8A-4404-B835-69430BFCFDD7}.AppStore|iPhoneSimulator.Build.0 = Debug|Any CPU
		{C98F46DF-EA8A-4404-B835-69430BFCFDD7}.Debug|Any CPU.ActiveCfg = Debug|Any CPU
		{C98F46DF-EA8A-4404-B835-69430BFCFDD7}.Debug|Any CPU.Build.0 = Debug|Any CPU
		{C98F46DF-EA8A-4404-B835-69430BFCFDD7}.Debug|iPhone.ActiveCfg = Debug|Any CPU
		{C98F46DF-EA8A-4404-B835-69430BFCFDD7}.Debug|iPhone.Build.0 = Debug|Any CPU
		{C98F46DF-EA8A-4404-B835-69430BFCFDD7}.Debug|iPhoneSimulator.ActiveCfg = Debug|Any CPU
		{C98F46DF-EA8A-4404-B835-69430BFCFDD7}.Debug|iPhoneSimulator.Build.0 = Debug|Any CPU
		{C98F46DF-EA8A-4404-B835-69430BFCFDD7}.Release|Any CPU.ActiveCfg = Release|Any CPU
		{C98F46DF-EA8A-4404-B835-69430BFCFDD7}.Release|Any CPU.Build.0 = Release|Any CPU
		{C98F46DF-EA8A-4404-B835-69430BFCFDD7}.Release|iPhone.ActiveCfg = Release|Any CPU
		{C98F46DF-EA8A-4404-B835-69430BFCFDD7}.Release|iPhone.Build.0 = Release|Any CPU
		{C98F46DF-EA8A-4404-B835-69430BFCFDD7}.Release|iPhoneSimulator.ActiveCfg = Release|Any CPU
		{C98F46DF-EA8A-4404-B835-69430BFCFDD7}.Release|iPhoneSimulator.Build.0 = Release|Any CPU
		{03CBC025-B20D-4B9F-8E73-235CA9F10DB2}.Ad-Hoc|Any CPU.ActiveCfg = Debug|Any CPU
		{03CBC025-B20D-4B9F-8E73-235CA9F10DB2}.Ad-Hoc|Any CPU.Build.0 = Debug|Any CPU
		{03CBC025-B20D-4B9F-8E73-235CA9F10DB2}.Ad-Hoc|Any CPU.Deploy.0 = Debug|Any CPU
		{03CBC025-B20D-4B9F-8E73-235CA9F10DB2}.Ad-Hoc|iPhone.ActiveCfg = Debug|Any CPU
		{03CBC025-B20D-4B9F-8E73-235CA9F10DB2}.Ad-Hoc|iPhone.Build.0 = Debug|Any CPU
		{03CBC025-B20D-4B9F-8E73-235CA9F10DB2}.Ad-Hoc|iPhone.Deploy.0 = Debug|Any CPU
		{03CBC025-B20D-4B9F-8E73-235CA9F10DB2}.Ad-Hoc|iPhoneSimulator.ActiveCfg = Debug|Any CPU
		{03CBC025-B20D-4B9F-8E73-235CA9F10DB2}.Ad-Hoc|iPhoneSimulator.Build.0 = Debug|Any CPU
		{03CBC025-B20D-4B9F-8E73-235CA9F10DB2}.Ad-Hoc|iPhoneSimulator.Deploy.0 = Debug|Any CPU
		{03CBC025-B20D-4B9F-8E73-235CA9F10DB2}.AppStore|Any CPU.ActiveCfg = Debug|Any CPU
		{03CBC025-B20D-4B9F-8E73-235CA9F10DB2}.AppStore|Any CPU.Build.0 = Debug|Any CPU
		{03CBC025-B20D-4B9F-8E73-235CA9F10DB2}.AppStore|Any CPU.Deploy.0 = Debug|Any CPU
		{03CBC025-B20D-4B9F-8E73-235CA9F10DB2}.AppStore|iPhone.ActiveCfg = Debug|Any CPU
		{03CBC025-B20D-4B9F-8E73-235CA9F10DB2}.AppStore|iPhone.Build.0 = Debug|Any CPU
		{03CBC025-B20D-4B9F-8E73-235CA9F10DB2}.AppStore|iPhone.Deploy.0 = Debug|Any CPU
		{03CBC025-B20D-4B9F-8E73-235CA9F10DB2}.AppStore|iPhoneSimulator.ActiveCfg = Debug|Any CPU
		{03CBC025-B20D-4B9F-8E73-235CA9F10DB2}.AppStore|iPhoneSimulator.Build.0 = Debug|Any CPU
		{03CBC025-B20D-4B9F-8E73-235CA9F10DB2}.AppStore|iPhoneSimulator.Deploy.0 = Debug|Any CPU
		{03CBC025-B20D-4B9F-8E73-235CA9F10DB2}.Debug|Any CPU.ActiveCfg = Debug|Any CPU
		{03CBC025-B20D-4B9F-8E73-235CA9F10DB2}.Debug|Any CPU.Build.0 = Debug|Any CPU
		{03CBC025-B20D-4B9F-8E73-235CA9F10DB2}.Debug|Any CPU.Deploy.0 = Debug|Any CPU
		{03CBC025-B20D-4B9F-8E73-235CA9F10DB2}.Debug|iPhone.ActiveCfg = Debug|Any CPU
		{03CBC025-B20D-4B9F-8E73-235CA9F10DB2}.Debug|iPhone.Build.0 = Debug|Any CPU
		{03CBC025-B20D-4B9F-8E73-235CA9F10DB2}.Debug|iPhone.Deploy.0 = Debug|Any CPU
		{03CBC025-B20D-4B9F-8E73-235CA9F10DB2}.Debug|iPhoneSimulator.ActiveCfg = Debug|Any CPU
		{03CBC025-B20D-4B9F-8E73-235CA9F10DB2}.Debug|iPhoneSimulator.Build.0 = Debug|Any CPU
		{03CBC025-B20D-4B9F-8E73-235CA9F10DB2}.Debug|iPhoneSimulator.Deploy.0 = Debug|Any CPU
		{03CBC025-B20D-4B9F-8E73-235CA9F10DB2}.Release|Any CPU.ActiveCfg = Release|Any CPU
		{03CBC025-B20D-4B9F-8E73-235CA9F10DB2}.Release|Any CPU.Build.0 = Release|Any CPU
		{03CBC025-B20D-4B9F-8E73-235CA9F10DB2}.Release|Any CPU.Deploy.0 = Release|Any CPU
		{03CBC025-B20D-4B9F-8E73-235CA9F10DB2}.Release|iPhone.ActiveCfg = Release|Any CPU
		{03CBC025-B20D-4B9F-8E73-235CA9F10DB2}.Release|iPhone.Build.0 = Release|Any CPU
		{03CBC025-B20D-4B9F-8E73-235CA9F10DB2}.Release|iPhone.Deploy.0 = Release|Any CPU
		{03CBC025-B20D-4B9F-8E73-235CA9F10DB2}.Release|iPhoneSimulator.ActiveCfg = Release|Any CPU
		{03CBC025-B20D-4B9F-8E73-235CA9F10DB2}.Release|iPhoneSimulator.Build.0 = Release|Any CPU
		{03CBC025-B20D-4B9F-8E73-235CA9F10DB2}.Release|iPhoneSimulator.Deploy.0 = Release|Any CPU
		{B71062DE-62B6-410C-B099-126DB0C163A8}.Ad-Hoc|Any CPU.ActiveCfg = Ad-Hoc|iPhoneSimulator
		{B71062DE-62B6-410C-B099-126DB0C163A8}.Ad-Hoc|iPhone.ActiveCfg = Ad-Hoc|iPhone
		{B71062DE-62B6-410C-B099-126DB0C163A8}.Ad-Hoc|iPhone.Build.0 = Ad-Hoc|iPhone
		{B71062DE-62B6-410C-B099-126DB0C163A8}.Ad-Hoc|iPhoneSimulator.ActiveCfg = Ad-Hoc|iPhoneSimulator
		{B71062DE-62B6-410C-B099-126DB0C163A8}.Ad-Hoc|iPhoneSimulator.Build.0 = Ad-Hoc|iPhoneSimulator
		{B71062DE-62B6-410C-B099-126DB0C163A8}.AppStore|Any CPU.ActiveCfg = AppStore|iPhoneSimulator
		{B71062DE-62B6-410C-B099-126DB0C163A8}.AppStore|iPhone.ActiveCfg = AppStore|iPhone
		{B71062DE-62B6-410C-B099-126DB0C163A8}.AppStore|iPhone.Build.0 = AppStore|iPhone
		{B71062DE-62B6-410C-B099-126DB0C163A8}.AppStore|iPhoneSimulator.ActiveCfg = AppStore|iPhoneSimulator
		{B71062DE-62B6-410C-B099-126DB0C163A8}.AppStore|iPhoneSimulator.Build.0 = AppStore|iPhoneSimulator
		{B71062DE-62B6-410C-B099-126DB0C163A8}.Debug|Any CPU.ActiveCfg = Debug|iPhoneSimulator
		{B71062DE-62B6-410C-B099-126DB0C163A8}.Debug|iPhone.ActiveCfg = Debug|iPhone
		{B71062DE-62B6-410C-B099-126DB0C163A8}.Debug|iPhone.Build.0 = Debug|iPhone
		{B71062DE-62B6-410C-B099-126DB0C163A8}.Debug|iPhoneSimulator.ActiveCfg = Debug|iPhoneSimulator
		{B71062DE-62B6-410C-B099-126DB0C163A8}.Debug|iPhoneSimulator.Build.0 = Debug|iPhoneSimulator
		{B71062DE-62B6-410C-B099-126DB0C163A8}.Release|Any CPU.ActiveCfg = Release|iPhoneSimulator
		{B71062DE-62B6-410C-B099-126DB0C163A8}.Release|iPhone.ActiveCfg = Release|iPhone
		{B71062DE-62B6-410C-B099-126DB0C163A8}.Release|iPhone.Build.0 = Release|iPhone
		{B71062DE-62B6-410C-B099-126DB0C163A8}.Release|iPhoneSimulator.ActiveCfg = Release|iPhoneSimulator
		{B71062DE-62B6-410C-B099-126DB0C163A8}.Release|iPhoneSimulator.Build.0 = Release|iPhoneSimulator
	EndGlobalSection
	GlobalSection(SolutionProperties) = preSolution
		HideSolutionNode = FALSE
	EndGlobalSection
	GlobalSection(ExtensibilityGlobals) = postSolution
		SolutionGuid = {018C836C-AF7A-42E5-90C8-C6E2B5123CCB}
	EndGlobalSection
EndGlobal
